
Microsoft Visual Studio Solution File, Format Version 12.00
# Visual Studio Version 17
VisualStudioVersion = 17.2.32630.192
MinimumVisualStudioVersion = 10.0.40219.1
Project("{FAE04EC0-301F-11D3-BF4B-00C04F79EFBC}") = "ConsoleApplication15", "ConsoleApplication15\ConsoleApplication15.csproj", "{FE271364-49B2-4173-A89D-9C792C05C50C}"
EndProject
Project("{FAE04EC0-301F-11D3-BF4B-00C04F79EFBC}") = "ConsoleApplication15Test", "ConsoleApplication15Test\ConsoleApplication15Test.csproj", "{3975E0F1-6588-47FC-858A-198F9342F4D7}"
EndProject
Global
	GlobalSection(SolutionConfigurationPlatforms) = preSolution
		Debug|Any CPU = Debug|Any CPU
		Release|Any CPU = Release|Any CPU
	EndGlobalSection
	GlobalSection(ProjectConfigurationPlatforms) = postSolution
		{FE271364-49B2-4173-A89D-9C792C05C50C}.Debug|Any CPU.ActiveCfg = Debug|Any CPU
		{FE271364-49B2-4173-A89D-9C792C05C50C}.Debug|Any CPU.Build.0 = Debug|Any CPU
		{FE271364-49B2-4173-A89D-9C792C05C50C}.Release|Any CPU.ActiveCfg = Release|Any CPU
		{FE271364-49B2-4173-A89D-9C792C05C50C}.Release|Any CPU.Build.0 = Release|Any CPU
		{3975E0F1-6588-47FC-858A-198F9342F4D7}.Debug|Any CPU.ActiveCfg = Debug|Any CPU
		{3975E0F1-6588-47FC-858A-198F9342F4D7}.Debug|Any CPU.Build.0 = Debug|Any CPU
		{3975E0F1-6588-47FC-858A-198F9342F4D7}.Release|Any CPU.ActiveCfg = Release|Any CPU
		{3975E0F1-6588-47FC-858A-198F9342F4D7}.Release|Any CPU.Build.0 = Release|Any CPU
	EndGlobalSection
	GlobalSection(SolutionProperties) = preSolution
		HideSolutionNode = FALSE
	EndGlobalSection
	GlobalSection(ExtensibilityGlobals) = postSolution
		SolutionGuid = {205E3802-AC42-436C-AFE5-6C6CC92C04ED}
	EndGlobalSection
EndGlobal
